
Microsoft Visual Studio Solution File, Format Version 12.00
# Visual Studio Version 17
VisualStudioVersion = 17.6.33815.320
MinimumVisualStudioVersion = 10.0.40219.1
Project("{9A19103F-16F7-4668-BE54-9A1E7A4F7556}") = "Skillfactory unit n1", "Skillfactory unit n1\Skillfactory unit n1.csproj", "{D3AD3E7B-DE48-4DDA-A3B1-D9EA681427C9}"
EndProject
Project("{9A19103F-16F7-4668-BE54-9A1E7A4F7556}") = "Skillfactory", "Skillfactory\Skillfactory.csproj", "{2F63D9D6-9BE9-43AF-8844-93912EE55303}"
EndProject
Project("{FAE04EC0-301F-11D3-BF4B-00C04F79EFBC}") = "Skillfactory мат.операции", "Skillfactory мат.операции\Skillfactory мат.операции.csproj", "{BA908A90-A45C-44C9-9C97-719F2FDF2885}"
EndProject
Global
	GlobalSection(SolutionConfigurationPlatforms) = preSolution
		Debug|Any CPU = Debug|Any CPU
		Release|Any CPU = Release|Any CPU
	EndGlobalSection
	GlobalSection(ProjectConfigurationPlatforms) = postSolution
		{D3AD3E7B-DE48-4DDA-A3B1-D9EA681427C9}.Debug|Any CPU.ActiveCfg = Debug|Any CPU
		{D3AD3E7B-DE48-4DDA-A3B1-D9EA681427C9}.Debug|Any CPU.Build.0 = Debug|Any CPU
		{D3AD3E7B-DE48-4DDA-A3B1-D9EA681427C9}.Release|Any CPU.ActiveCfg = Release|Any CPU
		{D3AD3E7B-DE48-4DDA-A3B1-D9EA681427C9}.Release|Any CPU.Build.0 = Release|Any CPU
		{2F63D9D6-9BE9-43AF-8844-93912EE55303}.Debug|Any CPU.ActiveCfg = Debug|Any CPU
		{2F63D9D6-9BE9-43AF-8844-93912EE55303}.Debug|Any CPU.Build.0 = Debug|Any CPU
		{2F63D9D6-9BE9-43AF-8844-93912EE55303}.Release|Any CPU.ActiveCfg = Release|Any CPU
		{2F63D9D6-9BE9-43AF-8844-93912EE55303}.Release|Any CPU.Build.0 = Release|Any CPU
		{BA908A90-A45C-44C9-9C97-719F2FDF2885}.Debug|Any CPU.ActiveCfg = Debug|Any CPU
		{BA908A90-A45C-44C9-9C97-719F2FDF2885}.Debug|Any CPU.Build.0 = Debug|Any CPU
		{BA908A90-A45C-44C9-9C97-719F2FDF2885}.Release|Any CPU.ActiveCfg = Release|Any CPU
		{BA908A90-A45C-44C9-9C97-719F2FDF2885}.Release|Any CPU.Build.0 = Release|Any CPU
	EndGlobalSection
	GlobalSection(SolutionProperties) = preSolution
		HideSolutionNode = FALSE
	EndGlobalSection
	GlobalSection(ExtensibilityGlobals) = postSolution
		SolutionGuid = {0605711B-D74A-4401-A536-91B8335488A4}
	EndGlobalSection
EndGlobal
